// !$*UTF8*$!
{
	archiveVersion = 1;
	classes = {
	};
	objectVersion = 77;
	objects = {

/* Begin PBXBuildFile section */
		86687D563015A7B700E05A84 /* README.md in Resources */ = {isa = PBXBuildFile; fileRef = 86687D553015A7B700E05A84 /* README.md */; };
		86B3D073301C676500E76696 /* FunFitness_Action_Plan.md in Resources */ = {isa = PBXBuildFile; fileRef = 86B3D071301C676500E76696 /* FunFitness_Action_Plan.md */; };
		86B3D074301C676500E76696 /* 20260724 CC Refactor Plan.md in Resources */ = {isa = PBXBuildFile; fileRef = 86B3D06F301C676500E76696 /* 20260724 CC Refactor Plan.md */; };
		86B3D075301C676500E76696 /* FunFitness_Sequenced_Development_Plan.md in Resources */ = {isa = PBXBuildFile; fileRef = 86B3D072301C676500E76696 /* FunFitness_Sequenced_Development_Plan.md */; };
		86B3D076301C676500E76696 /* 20260724 CC Refactor Results.md in Resources */ = {isa = PBXBuildFile; fileRef = 86B3D070301C676500E76696 /* 20260724 CC Refactor Results.md */; };
		86B3D078301C78A600E76696 /* 20260731_session_summary.md in Resources */ = {isa = PBXBuildFile; fileRef = 86B3D077301C78A600E76696 /* 20260731_session_summary.md */; };
/* End PBXBuildFile section */

/* Begin PBXContainerItemProxy section */
		86EEF7F62F79F3E10076F515 /* PBXContainerItemProxy */ = {
			isa = PBXContainerItemProxy;
			containerPortal = 86EEF7DC2F79F3E00076F515 /* Project object */;
			proxyType = 1;
			remoteGlobalIDString = 86EEF7E32F79F3E00076F515;
			remoteInfo = FunFitness;
		};
		86EEF8002F79F3E10076F515 /* PBXContainerItemProxy */ = {
			isa = PBXContainerItemProxy;
			containerPortal = 86EEF7DC2F79F3E00076F515 /* Project object */;
			proxyType = 1;
			remoteGlobalIDString = 86EEF7E32F79F3E00076F515;
			remoteInfo = FunFitness;
		};
/* End PBXContainerItemProxy section */

/* Begin PBXFileReference section */
		86687D553015A7B700E05A84 /* README.md */ = {isa = PBXFileReference; lastKnownFileType = net.daringfireball.markdown; path = README.md; sourceTree = "<group>"; };
		86B3D06F301C676500E76696 /* 20260724 CC Refactor Plan.md */ = {isa = PBXFileReference; lastKnownFileType = net.daringfireball.markdown; path = "20260724 CC Refactor Plan.md"; sourceTree = "<group>"; };
		86B3D070301C676500E76696 /* 20260724 CC Refactor Results.md */ = {isa = PBXFileReference; lastKnownFileType = net.daringfireball.markdown; path = "20260724 CC Refactor Results.md"; sourceTree = "<group>"; };
		86B3D071301C676500E76696 /* FunFitness_Action_Plan.md */ = {isa = PBXFileReference; lastKnownFileType = net.daringfireball.markdown; path = FunFitness_Action_Plan.md; sourceTree = "<group>"; };
		86B3D072301C676500E76696 /* FunFitness_Sequenced_Development_Plan.md */ = {isa = PBXFileReference; lastKnownFileType = net.daringfireball.markdown; path = FunFitness_Sequenced_Development_Plan.md; sourceTree = "<group>"; };
		86B3D077301C78A600E76696 /* 20260731_session_summary.md */ = {isa = PBXFileReference; lastKnownFileType = net.daringfireball.markdown; path = 20260731_session_summary.md; sourceTree = "<group>"; };
		86EEF7E42F79F3E00076F515 /* FunFitness.app */ = {isa = PBXFileReference; explicitFileType = wrapper.application; includeInIndex = 0; path = FunFitness.app; sourceTree = BUILT_PRODUCTS_DIR; };
		86EEF7F52F79F3E10076F515 /* FunFitnessTests.xctest */ = {isa = PBXFileReference; explicitFileType = wrapper.cfbundle; includeInIndex = 0; path = FunFitnessTests.xctest; sourceTree = BUILT_PRODUCTS_DIR; };
		86EEF7FF2F79F3E10076F515 /* FunFitnessUITests.xctest */ = {isa = PBXFileReference; explicitFileType = wrapper.cfbundle; includeInIndex = 0; path = FunFitnessUITests.xctest; sourceTree = BUILT_PRODUCTS_DIR; };
/* End PBXFileReference section */

/* Begin PBXFileSystemSynchronizedBuildFileExceptionSet section */
		86EEF8072F79F3E10076F515 /* Exceptions for "FunFitness" folder in "FunFitness" target */ = {
			isa = PBXFileSystemSynchronizedBuildFileExceptionSet;
			membershipExceptions = (
				Info.plist,
			);
			target = 86EEF7E32F79F3E00076F515 /* FunFitness */;
		};
/* End PBXFileSystemSynchronizedBuildFileExceptionSet section */

/* Begin PBXFileSystemSynchronizedRootGroup section */
		86EEF7E62F79F3E00076F515 /* FunFitness */ = {
			isa = PBXFileSystemSynchronizedRootGroup;
			exceptions = (
				86EEF8072F79F3E10076F515 /* Exceptions for "FunFitness" folder in "FunFitness" target */,
			);
			path = FunFitness;
			sourceTree = "<group>";
		};
		86EEF7F82F79F3E10076F515 /* FunFitnessTests */ = {
			isa = PBXFileSystemSynchronizedRootGroup;
			path = FunFitnessTests;
			sourceTree = "<group>";
		};
		86EEF8022F79F3E10076F515 /* FunFitnessUITests */ = {
			isa = PBXFileSystemSynchronizedRootGroup;
			path = FunFitnessUITests;
			sourceTree = "<group>";
		};
/* End PBXFileSystemSynchronizedRootGroup section */

/* Begin PBXFrameworksBuildPhase section */
		86EEF7E12F79F3E00076F515 /* Frameworks */ = {
			isa = PBXFrameworksBuildPhase;
			buildActionMask = 2147483647;
			files = (
			);
			runOnlyForDeploymentPostprocessing = 0;
		};
		86EEF7F22F79F3E10076F515 /* Frameworks */ = {
			isa = PBXFrameworksBuildPhase;
			buildActionMask = 2147483647;
			files = (
			);
			runOnlyForDeploymentPostprocessing = 0;
		};
		86EEF7FC2F79F3E10076F515 /* Frameworks */ = {
			isa = PBXFrameworksBuildPhase;
			buildActionMask = 2147483647;
			files = (
			);
			runOnlyForDeploymentPostprocessing = 0;
		};
/* End PBXFrameworksBuildPhase section */

/* Begin PBXGroup section */
		86687D4D3015872C00E05A84 /* docs */ = {
			isa = PBXGroup;
			children = (
				86687D553015A7B700E05A84 /* README.md */,
				86B3D06F301C676500E76696 /* 20260724 CC Refactor Plan.md */,
				86B3D070301C676500E76696 /* 20260724 CC Refactor Results.md */,
				86B3D071301C676500E76696 /* FunFitness_Action_Plan.md */,
				86B3D072301C676500E76696 /* FunFitness_Sequenced_Development_Plan.md */,
				86B3D077301C78A600E76696 /* 20260731_session_summary.md */,
			);
			path = docs;
			sourceTree = "<group>";
		};
		86EEF7DB2F79F3E00076F515 = {
			isa = PBXGroup;
			children = (
				86EEF7E62F79F3E00076F515 /* FunFitness */,
				86EEF7F82F79F3E10076F515 /* FunFitnessTests */,
				86EEF8022F79F3E10076F515 /* FunFitnessUITests */,
				86687D4D3015872C00E05A84 /* docs */,
				86EEF7E52F79F3E00076F515 /* Products */,
			);
			sourceTree = "<group>";
		};
		86EEF7E52F79F3E00076F515 /* Products */ = {
			isa = PBXGroup;
			children = (
				86EEF7E42F79F3E00076F515 /* FunFitness.app */,
				86EEF7F52F79F3E10076F515 /* FunFitnessTests.xctest */,
				86EEF7FF2F79F3E10076F515 /* FunFitnessUITests.xctest */,
			);
			name = Products;
			sourceTree = "<group>";
		};
/* End PBXGroup section */

/* Begin PBXNativeTarget section */
		86EEF7E32F79F3E00076F515 /* FunFitness */ = {
			isa = PBXNativeTarget;
			buildConfigurationList = 86EEF8082F79F3E10076F515 /* Build configuration list for PBXNativeTarget "FunFitness" */;
			buildPhases = (
				86EEF7E02F79F3E00076F515 /* Sources */,
				86EEF7E12F79F3E00076F515 /* Frameworks */,
				86EEF7E22F79F3E00076F515 /* Resources */,
			);
			buildRules = (
			);
			dependencies = (
			);
			fileSystemSynchronizedGroups = (
				86EEF7E62F79F3E00076F515 /* FunFitness */,
			);
			name = FunFitness;
			packageProductDependencies = (
			);
			productName = FunFitness;
			productReference = 86EEF7E42F79F3E00076F515 /* FunFitness.app */;
			productType = "com.apple.product-type.application";
		};
		86EEF7F42F79F3E10076F515 /* FunFitnessTests */ = {
			isa = PBXNativeTarget;
			buildConfigurationList = 86EEF80D2F79F3E10076F515 /* Build configuration list for PBXNativeTarget "FunFitnessTests" */;
			buildPhases = (
				86EEF7F12F79F3E10076F515 /* Sources */,
				86EEF7F22F79F3E10076F515 /* Frameworks */,
				86EEF7F32F79F3E10076F515 /* Resources */,
			);
			buildRules = (
			);
			dependencies = (
				86EEF7F72F79F3E10076F515 /* PBXTargetDependency */,
			);
			fileSystemSynchronizedGroups = (
				86EEF7F82F79F3E10076F515 /* FunFitnessTests */,
			);
			name = FunFitnessTests;
			packageProductDependencies = (
			);
			productName = FunFitnessTests;
			productReference = 86EEF7F52F79F3E10076F515 /* FunFitnessTests.xctest */;
			productType = "com.apple.product-type.bundle.unit-test";
		};
		86EEF7FE2F79F3E10076F515 /* FunFitnessUITests */ = {
			isa = PBXNativeTarget;
			buildConfigurationList = 86EEF8102F79F3E10076F515 /* Build configuration list for PBXNativeTarget "FunFitnessUITests" */;
			buildPhases = (
				86EEF7FB2F79F3E10076F515 /* Sources */,
				86EEF7FC2F79F3E10076F515 /* Frameworks */,
				86EEF7FD2F79F3E10076F515 /* Resources */,
			);
			buildRules = (
			);
			dependencies = (
				86EEF8012F79F3E10076F515 /* PBXTargetDependency */,
			);
			fileSystemSynchronizedGroups = (
				86EEF8022F79F3E10076F515 /* FunFitnessUITests */,
			);
			name = FunFitnessUITests;
			packageProductDependencies = (
			);
			productName = FunFitnessUITests;
			productReference = 86EEF7FF2F79F3E10076F515 /* FunFitnessUITests.xctest */;
			productType = "com.apple.product-type.bundle.ui-testing";
		};
/* End PBXNativeTarget section */

/* Begin PBXProject section */
		86EEF7DC2F79F3E00076F515 /* Project object */ = {
			isa = PBXProject;
			attributes = {
				BuildIndependentTargetsInParallel = 1;
				LastSwiftUpdateCheck = 2640;
				LastUpgradeCheck = 2700;
				TargetAttributes = {
					86EEF7E32F79F3E00076F515 = {
						CreatedOnToolsVersion = 26.4;
					};
					86EEF7F42F79F3E10076F515 = {
						CreatedOnToolsVersion = 26.4;
						TestTargetID = 86EEF7E32F79F3E00076F515;
					};
					86EEF7FE2F79F3E10076F515 = {
						CreatedOnToolsVersion = 26.4;
						TestTargetID = 86EEF7E32F79F3E00076F515;
					};
				};
			};
			buildConfigurationList = 86EEF7DF2F79F3E00076F515 /* Build configuration list for PBXProject "FunFitness" */;
			developmentRegion = en;
			hasScannedForEncodings = 0;
			knownRegions = (
				en,
				Base,
			);
			mainGroup = 86EEF7DB2F79F3E00076F515;
			minimizedProjectReferenceProxies = 1;
			preferredProjectObjectVersion = 77;
			productRefGroup = 86EEF7E52F79F3E00076F515 /* Products */;
			projectDirPath = "";
			projectRoot = "";
			targets = (
				86EEF7E32F79F3E00076F515 /* FunFitness */,
				86EEF7F42F79F3E10076F515 /* FunFitnessTests */,
				86EEF7FE2F79F3E10076F515 /* FunFitnessUITests */,
			);
		};
/* End PBXProject section */

/* Begin PBXResourcesBuildPhase section */
		86EEF7E22F79F3E00076F515 /* Resources */ = {
			isa = PBXResourcesBuildPhase;
			buildActionMask = 2147483647;
			files = (
				86B3D073301C676500E76696 /* FunFitness_Action_Plan.md in Resources */,
				86B3D074301C676500E76696 /* 20260724 CC Refactor Plan.md in Resources */,
				86B3D075301C676500E76696 /* FunFitness_Sequenced_Development_Plan.md in Resources */,
				86B3D076301C676500E76696 /* 20260724 CC Refactor Results.md in Resources */,
				86687D563015A7B700E05A84 /* README.md in Resources */,
				86B3D078301C78A600E76696 /* 20260731_session_summary.md in Resources */,
			);
			runOnlyForDeploymentPostprocessing = 0;
		};
		86EEF7F32F79F3E10076F515 /* Resources */ = {
			isa = PBXResourcesBuildPhase;
			buildActionMask = 2147483647;
			files = (
			);
			runOnlyForDeploymentPostprocessing = 0;
		};
		86EEF7FD2F79F3E10076F515 /* Resources */ = {
			isa = PBXResourcesBuildPhase;
			buildActionMask = 2147483647;
			files = (
			);
			runOnlyForDeploymentPostprocessing = 0;
		};
/* End PBXResourcesBuildPhase section */

/* Begin PBXSourcesBuildPhase section */
		86EEF7E02F79F3E00076F515 /* Sources */ = {
			isa = PBXSourcesBuildPhase;
			buildActionMask = 2147483647;
			files = (
			);
			runOnlyForDeploymentPostprocessing = 0;
		};
		86EEF7F12F79F3E10076F515 /* Sources */ = {
			isa = PBXSourcesBuildPhase;
			buildActionMask = 2147483647;
			files = (
			);
			runOnlyForDeploymentPostprocessing = 0;
		};
		86EEF7FB2F79F3E10076F515 /* Sources */ = {
			isa = PBXSourcesBuildPhase;
			buildActionMask = 2147483647;
			files = (
			);
			runOnlyForDeploymentPostprocessing = 0;
		};
/* End PBXSourcesBuildPhase section */

/* Begin PBXTargetDependency section */
		86EEF7F72F79F3E10076F515 /* PBXTargetDependency */ = {
			isa = PBXTargetDependency;
			target = 86EEF7E32F79F3E00076F515 /* FunFitness */;
			targetProxy = 86EEF7F62F79F3E10076F515 /* PBXContainerItemProxy */;
		};
		86EEF8012F79F3E10076F515 /* PBXTargetDependency */ = {
			isa = PBXTargetDependency;
			target = 86EEF7E32F79F3E00076F515 /* FunFitness */;
			targetProxy = 86EEF8002F79F3E10076F515 /* PBXContainerItemProxy */;
		};
/* End PBXTargetDependency section */

/* Begin XCBuildConfiguration section */
		86EEF8092F79F3E10076F515 /* Debug */ = {
			isa = XCBuildConfiguration;
			buildSettings = {
				ASSETCATALOG_COMPILER_APPICON_NAME = AppIcon;
				ASSETCATALOG_COMPILER_GLOBAL_ACCENT_COLOR_NAME = AccentColor;
				CODE_SIGN_ENTITLEMENTS = FunFitness/FunFitnessDebug.entitlements;
				CODE_SIGN_IDENTITY = "Apple Development";
				CODE_SIGN_STYLE = Automatic;
				CURRENT_PROJECT_VERSION = 1;
				DEVELOPMENT_TEAM = 2XT4CUP82M;
				ENABLE_PREVIEWS = YES;
				GENERATE_INFOPLIST_FILE = YES;
				INFOPLIST_FILE = FunFitness/Info.plist;
				INFOPLIST_KEY_UIApplicationSceneManifest_Generation = YES;
				INFOPLIST_KEY_UIApplicationSupportsIndirectInputEvents = YES;
				INFOPLIST_KEY_UILaunchScreen_Generation = YES;
				INFOPLIST_KEY_UISupportedInterfaceOrientations_iPad = "UIInterfaceOrientationPortrait UIInterfaceOrientationPortraitUpsideDown UIInterfaceOrientationLandscapeLeft UIInterfaceOrientationLandscapeRight";
				INFOPLIST_KEY_UISupportedInterfaceOrientations_iPhone = UIInterfaceOrientationPortrait;
				IPHONEOS_DEPLOYMENT_TARGET = 18.0;
				LD_RUNPATH_SEARCH_PATHS = (
					"$(inherited)",
					"@executable_path/Frameworks",
				);
				MARKETING_VERSION = 1.0;
				PRODUCT_BUNDLE_IDENTIFIER = com.jaytjones.FunFitness;
				PRODUCT_NAME = "$(TARGET_NAME)";
				PROVISIONING_PROFILE_SPECIFIER = "";
				STRING_CATALOG_GENERATE_SYMBOLS = YES;
				SWIFT_APPROACHABLE_CONCURRENCY = YES;
				SWIFT_DEFAULT_ACTOR_ISOLATION = MainActor;
				SWIFT_EMIT_LOC_STRINGS = YES;
				SWIFT_UPCOMING_FEATURE_MEMBER_IMPORT_VISIBILITY = YES;
				SWIFT_VERSION = 5.0;
				TARGETED_DEVICE_FAMILY = 1;
			};
			name = Debug;
		};
		86EEF80A2F79F3E10076F515 /* Release */ = {
			isa = XCBuildConfiguration;
			buildSettings = {
				ASSETCATALOG_COMPILER_APPICON_NAME = AppIcon;
				ASSETCATALOG_COMPILER_GLOBAL_ACCENT_COLOR_NAME = AccentColor;
				CODE_SIGN_ENTITLEMENTS = FunFitness/FunFitness.entitlements;
				CODE_SIGN_STYLE = Automatic;
				CURRENT_PROJECT_VERSION = 1;
				DEVELOPMENT_TEAM = 2XT4CUP82M;
				ENABLE_PREVIEWS = YES;
				GENERATE_INFOPLIST_FILE = YES;
				INFOPLIST_FILE = FunFitness/Info.plist;
				INFOPLIST_KEY_UIApplicationSceneManifest_Generation = YES;
				INFOPLIST_KEY_UIApplicationSupportsIndirectInputEvents = YES;
				INFOPLIST_KEY_UILaunchScreen_Generation = YES;
				INFOPLIST_KEY_UISupportedInterfaceOrientations_iPad = "UIInterfaceOrientationPortrait UIInterfaceOrientationPortraitUpsideDown UIInterfaceOrientationLandscapeLeft UIInterfaceOrientationLandscapeRight";
				INFOPLIST_KEY_UISupportedInterfaceOrientations_iPhone = UIInterfaceOrientationPortrait;
				IPHONEOS_DEPLOYMENT_TARGET = 18.0;
				LD_RUNPATH_SEARCH_PATHS = (
					"$(inherited)",
					"@executable_path/Frameworks",
				);
				MARKETING_VERSION = 1.0;
				PRODUCT_BUNDLE_IDENTIFIER = com.jaytjones.FunFitness;
				PRODUCT_NAME = "$(TARGET_NAME)";
				STRING_CATALOG_GENERATE_SYMBOLS = YES;
				SWIFT_APPROACHABLE_CONCURRENCY = YES;
				SWIFT_DEFAULT_ACTOR_ISOLATION = MainActor;
				SWIFT_EMIT_LOC_STRINGS = YES;
				SWIFT_UPCOMING_FEATURE_MEMBER_IMPORT_VISIBILITY = YES;
				SWIFT_VERSION = 5.0;
				TARGETED_DEVICE_FAMILY = 1;
			};
			name = Release;
		};
		86EEF80B2F79F3E10076F515 /* Debug */ = {
			isa = XCBuildConfiguration;
			buildSettings = {
				ALWAYS_SEARCH_USER_PATHS = NO;
				ASSETCATALOG_COMPILER_GENERATE_SWIFT_ASSET_SYMBOL_EXTENSIONS = YES;
				CLANG_ANALYZER_NONNULL = YES;
				CLANG_ANALYZER_NUMBER_OBJECT_CONVERSION = YES_AGGRESSIVE;
				CLANG_CXX_LANGUAGE_STANDARD = "gnu++20";
				CLANG_ENABLE_MODULES = YES;
				CLANG_ENABLE_OBJC_ARC = YES;
				CLANG_ENABLE_OBJC_WEAK = YES;
				CLANG_WARN_BLOCK_CAPTURE_AUTORELEASING = YES;
				CLANG_WARN_BOOL_CONVERSION = YES;
				CLANG_WARN_COMMA = YES;
				CLANG_WARN_CONSTANT_CONVERSION = YES;
				CLANG_WARN_DEPRECATED_OBJC_IMPLEMENTATIONS = YES;
				CLANG_WARN_DIRECT_OBJC_ISA_USAGE = YES_ERROR;
				CLANG_WARN_DOCUMENTATION_COMMENTS = YES;
				CLANG_WARN_EMPTY_BODY = YES;
				CLANG_WARN_ENUM_CONVERSION = YES;
				CLANG_WARN_INFINITE_RECURSION = YES;
				CLANG_WARN_INT_CONVERSION = YES;
				CLANG_WARN_NON_LITERAL_NULL_CONVERSION = YES;
				CLANG_WARN_OBJC_IMPLICIT_RETAIN_SELF = YES;
				CLANG_WARN_OBJC_LITERAL_CONVERSION = YES;
				CLANG_WARN_OBJC_ROOT_CLASS = YES_ERROR;
				CLANG_WARN_QUOTED_INCLUDE_IN_FRAMEWORK_HEADER = YES;
				CLANG_WARN_RANGE_LOOP_ANALYSIS = YES;
				CLANG_WARN_STRICT_PROTOTYPES = YES;
				CLANG_WARN_SUSPICIOUS_MOVE = YES;
				CLANG_WARN_UNGUARDED_AVAILABILITY = YES_AGGRESSIVE;
				CLANG_WARN_UNREACHABLE_CODE = YES;
				CLANG_WARN__DUPLICATE_METHOD_MATCH = YES;
				COPY_PHASE_STRIP = NO;
				DEBUG_INFORMATION_FORMAT = dwarf;
				DEVELOPMENT_TEAM = H5QYL4ZQ73;
				ENABLE_STRICT_OBJC_MSGSEND = YES;
				ENABLE_TESTABILITY = YES;
				ENABLE_USER_SCRIPT_SANDBOXING = YES;
				GCC_C_LANGUAGE_STANDARD = gnu17;
				GCC_DYNAMIC_NO_PIC = NO;
				GCC_NO_COMMON_BLOCKS = YES;
				GCC_OPTIMIZATION_LEVEL = 0;
				GCC_PREPROCESSOR_DEFINITIONS = (
					"DEBUG=1",
					"$(inherited)",
				);
				GCC_WARN_64_TO_32_BIT_CONVERSION = YES;
				GCC_WARN_ABOUT_RETURN_TYPE = YES_ERROR;
				GCC_WARN_UNDECLARED_SELECTOR = YES;
				GCC_WARN_UNINITIALIZED_AUTOS = YES_AGGRESSIVE;
				GCC_WARN_UNUSED_FUNCTION = YES;
				GCC_WARN_UNUSED_VARIABLE = YES;
				IPHONEOS_DEPLOYMENT_TARGET = 26.4;
				LOCALIZATION_PREFERS_STRING_CATALOGS = YES;
				MTL_ENABLE_DEBUG_INFO = INCLUDE_SOURCE;
				MTL_FAST_MATH = YES;
				ONLY_ACTIVE_ARCH = YES;
				SDKROOT = iphoneos;
				STRING_CATALOG_GENERATE_SYMBOLS = YES;
				SWIFT_ACTIVE_COMPILATION_CONDITIONS = "DEBUG $(inherited)";
				SWIFT_OPTIMIZATION_LEVEL = "-Onone";
			};
			name = Debug;
		};
		86EEF80C2F79F3E10076F515 /* Release */ = {
			isa = XCBuildConfiguration;
			buildSettings = {
				ALWAYS_SEARCH_USER_PATHS = NO;
				ASSETCATALOG_COMPILER_GENERATE_SWIFT_ASSET_SYMBOL_EXTENSIONS = YES;
				CLANG_ANALYZER_NONNULL = YES;
				CLANG_ANALYZER_NUMBER_OBJECT_CONVERSION = YES_AGGRESSIVE;
				CLANG_CXX_LANGUAGE_STANDARD = "gnu++20";
				CLANG_ENABLE_MODULES = YES;
				CLANG_ENABLE_OBJC_ARC = YES;
				CLANG_ENABLE_OBJC_WEAK = YES;
				CLANG_WARN_BLOCK_CAPTURE_AUTORELEASING = YES;
				CLANG_WARN_BOOL_CONVERSION = YES;
				CLANG_WARN_COMMA = YES;
				CLANG_WARN_CONSTANT_CONVERSION = YES;
				CLANG_WARN_DEPRECATED_OBJC_IMPLEMENTATIONS = YES;
				CLANG_WARN_DIRECT_OBJC_ISA_USAGE = YES_ERROR;
				CLANG_WARN_DOCUMENTATION_COMMENTS = YES;
				CLANG_WARN_EMPTY_BODY = YES;
				CLANG_WARN_ENUM_CONVERSION = YES;
				CLANG_WARN_INFINITE_RECURSION = YES;
				CLANG_WARN_INT_CONVERSION = YES;
				CLANG_WARN_NON_LITERAL_NULL_CONVERSION = YES;
				CLANG_WARN_OBJC_IMPLICIT_RETAIN_SELF = YES;
				CLANG_WARN_OBJC_LITERAL_CONVERSION = YES;
				CLANG_WARN_OBJC_ROOT_CLASS = YES_ERROR;
				CLANG_WARN_QUOTED_INCLUDE_IN_FRAMEWORK_HEADER = YES;
				CLANG_WARN_RANGE_LOOP_ANALYSIS = YES;
				CLANG_WARN_STRICT_PROTOTYPES = YES;
				CLANG_WARN_SUSPICIOUS_MOVE = YES;
				CLANG_WARN_UNGUARDED_AVAILABILITY = YES_AGGRESSIVE;
				CLANG_WARN_UNREACHABLE_CODE = YES;
				CLANG_WARN__DUPLICATE_METHOD_MATCH = YES;
				COPY_PHASE_STRIP = NO;
				DEBUG_INFORMATION_FORMAT = "dwarf-with-dsym";
				DEVELOPMENT_TEAM = H5QYL4ZQ73;
				ENABLE_NS_ASSERTIONS = NO;
				ENABLE_STRICT_OBJC_MSGSEND = YES;
				ENABLE_USER_SCRIPT_SANDBOXING = YES;
				GCC_C_LANGUAGE_STANDARD = gnu17;
				GCC_NO_COMMON_BLOCKS = YES;
				GCC_WARN_64_TO_32_BIT_CONVERSION = YES;
				GCC_WARN_ABOUT_RETURN_TYPE = YES_ERROR;
				GCC_WARN_UNDECLARED_SELECTOR = YES;
				GCC_WARN_UNINITIALIZED_AUTOS = YES_AGGRESSIVE;
				GCC_WARN_UNUSED_FUNCTION = YES;
				GCC_WARN_UNUSED_VARIABLE = YES;
				IPHONEOS_DEPLOYMENT_TARGET = 26.4;
				LOCALIZATION_PREFERS_STRING_CATALOGS = YES;
				MTL_ENABLE_DEBUG_INFO = NO;
				MTL_FAST_MATH = YES;
				SDKROOT = iphoneos;
				STRING_CATALOG_GENERATE_SYMBOLS = YES;
				SWIFT_COMPILATION_MODE = wholemodule;
				VALIDATE_PRODUCT = YES;
			};
			name = Release;
		};
		86EEF80E2F79F3E10076F515 /* Debug */ = {
			isa = XCBuildConfiguration;
			buildSettings = {
				BUNDLE_LOADER = "$(TEST_HOST)";
				CODE_SIGN_STYLE = Automatic;
				CURRENT_PROJECT_VERSION = 1;
				DEVELOPMENT_TEAM = H5QYL4ZQ73;
				GENERATE_INFOPLIST_FILE = YES;
				IPHONEOS_DEPLOYMENT_TARGET = 18.0;
				MARKETING_VERSION = 1.0;
				PRODUCT_BUNDLE_IDENTIFIER = com.jaytjones.FunFitnessTests;
				PRODUCT_NAME = "$(TARGET_NAME)";
				STRING_CATALOG_GENERATE_SYMBOLS = NO;
				SWIFT_APPROACHABLE_CONCURRENCY = YES;
				SWIFT_EMIT_LOC_STRINGS = NO;
				SWIFT_UPCOMING_FEATURE_MEMBER_IMPORT_VISIBILITY = YES;
				SWIFT_VERSION = 5.0;
				TARGETED_DEVICE_FAMILY = "1,2";
				TEST_HOST = "$(BUILT_PRODUCTS_DIR)/FunFitness.app/$(BUNDLE_EXECUTABLE_FOLDER_PATH)/FunFitness";
			};
			name = Debug;
		};
		86EEF80F2F79F3E10076F515 /* Release */ = {
			isa = XCBuildConfiguration;
			buildSettings = {
				BUNDLE_LOADER = "$(TEST_HOST)";
				CODE_SIGN_STYLE = Automatic;
				CURRENT_PROJECT_VERSION = 1;
				DEVELOPMENT_TEAM = H5QYL4ZQ73;
				GENERATE_INFOPLIST_FILE = YES;
				IPHONEOS_DEPLOYMENT_TARGET = 18.0;
				MARKETING_VERSION = 1.0;
				PRODUCT_BUNDLE_IDENTIFIER = com.jaytjones.FunFitnessTests;
				PRODUCT_NAME = "$(TARGET_NAME)";
				STRING_CATALOG_GENERATE_SYMBOLS = NO;
				SWIFT_APPROACHABLE_CONCURRENCY = YES;
				SWIFT_EMIT_LOC_STRINGS = NO;
				SWIFT_UPCOMING_FEATURE_MEMBER_IMPORT_VISIBILITY = YES;
				SWIFT_VERSION = 5.0;
				TARGETED_DEVICE_FAMILY = "1,2";
				TEST_HOST = "$(BUILT_PRODUCTS_DIR)/FunFitness.app/$(BUNDLE_EXECUTABLE_FOLDER_PATH)/FunFitness";
			};
			name = Release;
		};
		86EEF8112F79F3E10076F515 /* Debug */ = {
			isa = XCBuildConfiguration;
			buildSettings = {
				CODE_SIGN_STYLE = Automatic;
				CURRENT_PROJECT_VERSION = 1;
				DEVELOPMENT_TEAM = H5QYL4ZQ73;
				GENERATE_INFOPLIST_FILE = YES;
				IPHONEOS_DEPLOYMENT_TARGET = 18.0;
				MARKETING_VERSION = 1.0;
				PRODUCT_BUNDLE_IDENTIFIER = com.jaytjones.FunFitnessUITests;
				PRODUCT_NAME = "$(TARGET_NAME)";
				STRING_CATALOG_GENERATE_SYMBOLS = NO;
				SWIFT_APPROACHABLE_CONCURRENCY = YES;
				SWIFT_EMIT_LOC_STRINGS = NO;
				SWIFT_UPCOMING_FEATURE_MEMBER_IMPORT_VISIBILITY = YES;
				SWIFT_VERSION = 5.0;
				TARGETED_DEVICE_FAMILY = "1,2";
				TEST_TARGET_NAME = FunFitness;
			};
			name = Debug;
		};
		86EEF8122F79F3E10076F515 /* Release */ = {
			isa = XCBuildConfiguration;
			buildSettings = {
				CODE_SIGN_STYLE = Automatic;
				CURRENT_PROJECT_VERSION = 1;
				DEVELOPMENT_TEAM = H5QYL4ZQ73;
				GENERATE_INFOPLIST_FILE = YES;
				IPHONEOS_DEPLOYMENT_TARGET = 18.0;
				MARKETING_VERSION = 1.0;
				PRODUCT_BUNDLE_IDENTIFIER = com.jaytjones.FunFitnessUITests;
				PRODUCT_NAME = "$(TARGET_NAME)";
				STRING_CATALOG_GENERATE_SYMBOLS = NO;
				SWIFT_APPROACHABLE_CONCURRENCY = YES;
				SWIFT_EMIT_LOC_STRINGS = NO;
				SWIFT_UPCOMING_FEATURE_MEMBER_IMPORT_VISIBILITY = YES;
				SWIFT_VERSION = 5.0;
				TARGETED_DEVICE_FAMILY = "1,2";
				TEST_TARGET_NAME = FunFitness;
			};
			name = Release;
		};
/* End XCBuildConfiguration section */

/* Begin XCConfigurationList section */
		86EEF7DF2F79F3E00076F515 /* Build configuration list for PBXProject "FunFitness" */ = {
			isa = XCConfigurationList;
			buildConfigurations = (
				86EEF80B2F79F3E10076F515 /* Debug */,
				86EEF80C2F79F3E10076F515 /* Release */,
			);
			defaultConfigurationIsVisible = 0;
			defaultConfigurationName = Release;
		};
		86EEF8082F79F3E10076F515 /* Build configuration list for PBXNativeTarget "FunFitness" */ = {
			isa = XCConfigurationList;
			buildConfigurations = (
				86EEF8092F79F3E10076F515 /* Debug */,
				86EEF80A2F79F3E10076F515 /* Release */,
			);
			defaultConfigurationIsVisible = 0;
			defaultConfigurationName = Release;
		};
		86EEF80D2F79F3E10076F515 /* Build configuration list for PBXNativeTarget "FunFitnessTests" */ = {
			isa = XCConfigurationList;
			buildConfigurations = (
				86EEF80E2F79F3E10076F515 /* Debug */,
				86EEF80F2F79F3E10076F515 /* Release */,
			);
			defaultConfigurationIsVisible = 0;
			defaultConfigurationName = Release;
		};
		86EEF8102F79F3E10076F515 /* Build configuration list for PBXNativeTarget "FunFitnessUITests" */ = {
			isa = XCConfigurationList;
			buildConfigurations = (
				86EEF8112F79F3E10076F515 /* Debug */,
				86EEF8122F79F3E10076F515 /* Release */,
			);
			defaultConfigurationIsVisible = 0;
			defaultConfigurationName = Release;
		};
/* End XCConfigurationList section */
	};
	rootObject = 86EEF7DC2F79F3E00076F515 /* Project object */;
}
